{
  "name": "@nexa/consumers",
  "version": "0.1.0",
  "lockfileVersion": 3,
  "requires": true,
  "packages": {
    "": {
      "name": "@nexa/consumers",
      "version": "0.1.0",
      "dependencies": {
        "@nexa/event-bus": "file:../event-bus",
        "@nexa/identity-read-model": "file:../identity-read-model",
        "@nexa/telemetry": "file:../telemetry",
        "dotenv": "^17.3.1"
      },
      "devDependencies": {
        "@types/node": "^22.10.7",
        "typescript": "^5.7.3"
      }
    },
    "../event-bus": {
      "name": "@nexa/event-bus",
      "version": "0.1.0",
      "dependencies": {
        "ioredis": "^5.6.1",
        "uuid": "^11.1.0",
        "zod": "^3.24.1"
      },
      "devDependencies": {
        "@types/node": "^22.10.7",
        "typescript": "^5.7.3"
      }
    },
    "../identity-read-model": {
      "name": "@nexa/identity-read-model",
      "version": "0.1.0",
      "dependencies": {
        "@nexa/event-bus": "file:../event-bus",
        "ioredis": "^5.6.1"
      },
      "devDependencies": {
        "@types/node": "^22.10.7",
        "typescript": "^5.7.3"
      }
    },
    "../telemetry": {
      "name": "@nexa/telemetry",
      "version": "0.1.0",
      "devDependencies": {
        "@types/node": "^22.10.7",
        "typescript": "^5.7.3"
      }
    },
    "node_modules/@nexa/event-bus": {
      "resolved": "../event-bus",
      "link": true
    },
    "node_modules/@nexa/identity-read-model": {
      "resolved": "../identity-read-model",
      "link": true
    },
    "node_modules/@nexa/telemetry": {
      "resolved": "../telemetry",
      "link": true
    },
    "node_modules/@types/node": {
      "version": "22.20.0",
      "resolved": "https://registry.npmjs.org/@types/node/-/node-22.20.0.tgz",
      "integrity": "sha512-QWlFW2wf3nTjC13/DqRnBpR4ZO36VJH/JVBkA/vcnmbTBNQIlnObqyqZE1tUR7+Ni23Lda8R1BxMfbXRpCUx5g==",
      "dev": true,
      "license": "MIT",
      "dependencies": {
        "undici-types": "~6.21.0"
      }
    },
    "node_modules/dotenv": {
      "version": "17.4.2",
      "resolved": "https://registry.npmjs.org/dotenv/-/dotenv-17.4.2.tgz",
      "integrity": "sha512-nI4U3TottKAcAD9LLud4Cb7b2QztQMUEfHbvhTH09bqXTxnSie8WnjPALV/WMCrJZ6UV/qHJ6L03OqO3LcdYZw==",
      "license": "BSD-2-Clause",
      "engines": {
        "node": ">=12"
      },
      "funding": {
        "url": "https://dotenvx.com"
      }
    },
    "node_modules/typescript": {
      "version": "5.9.3",
      "resolved": "https://registry.npmjs.org/typescript/-/typescript-5.9.3.tgz",
      "integrity": "sha512-jl1vZzPDinLr9eUt3J/t7V6FgNEw9QjvBPdysz9KfQDD41fQrC2Y4vKQdiaUpFT4bXlb1RHhLpp8wtm6M5TgSw==",
      "dev": true,
      "license": "Apache-2.0",
      "bin": {
        "tsc": "bin/tsc",
        "tsserver": "bin/tsserver"
      },
      "engines": {
        "node": ">=14.17"
      }
    },
    "node_modules/undici-types": {
      "version": "6.21.0",
      "resolved": "https://registry.npmjs.org/undici-types/-/undici-types-6.21.0.tgz",
      "integrity": "sha512-iwDZqg0QAGrg9Rav5H4n0M64c3mkR59cJ6wQp+7C4nI0gsmExaedaYLNO44eT4AtBBwjbTiGPMlt2Md0T9H9JQ==",
      "dev": true,
      "license": "MIT"
    }
  }
}
